
Microsoft Visual Studio Solution File, Format Version 12.00
# Visual Studio Version 17
VisualStudioVersion = 17.0.32112.339
MinimumVisualStudioVersion = 10.0.40219.1
Project("{A07B5EB6-E848-4116-A8D0-A826331D98C6}") = "SF_IHost_Samples", "SF_IHost_Samples\SF_IHost_Samples.sfproj", "{2DA8335F-55C1-481D-A54E-594B07F321D8}"
EndProject
Project("{FAE04EC0-301F-11D3-BF4B-00C04F79EFBC}") = "StatelessWeb", "StatelessWeb\StatelessWeb.csproj", "{9176A038-B118-428A-A595-6CAFF0B503D6}"
EndProject
Project("{FAE04EC0-301F-11D3-BF4B-00C04F79EFBC}") = "StatefulWeb", "StatefulWeb\StatefulWeb.csproj", "{97D6DA07-3267-45AA-8210-57F5A405A449}"
EndProject
Global
	GlobalSection(SolutionConfigurationPlatforms) = preSolution
		Debug|Any CPU = Debug|Any CPU
		Debug|x64 = Debug|x64
		Release|Any CPU = Release|Any CPU
		Release|x64 = Release|x64
	EndGlobalSection
	GlobalSection(ProjectConfigurationPlatforms) = postSolution
		{2DA8335F-55C1-481D-A54E-594B07F321D8}.Debug|Any CPU.ActiveCfg = Debug|x64
		{2DA8335F-55C1-481D-A54E-594B07F321D8}.Debug|Any CPU.Build.0 = Debug|x64
		{2DA8335F-55C1-481D-A54E-594B07F321D8}.Debug|Any CPU.Deploy.0 = Debug|x64
		{2DA8335F-55C1-481D-A54E-594B07F321D8}.Debug|x64.ActiveCfg = Debug|x64
		{2DA8335F-55C1-481D-A54E-594B07F321D8}.Debug|x64.Build.0 = Debug|x64
		{2DA8335F-55C1-481D-A54E-594B07F321D8}.Debug|x64.Deploy.0 = Debug|x64
		{2DA8335F-55C1-481D-A54E-594B07F321D8}.Release|Any CPU.ActiveCfg = Release|x64
		{2DA8335F-55C1-481D-A54E-594B07F321D8}.Release|Any CPU.Build.0 = Release|x64
		{2DA8335F-55C1-481D-A54E-594B07F321D8}.Release|Any CPU.Deploy.0 = Release|x64
		{2DA8335F-55C1-481D-A54E-594B07F321D8}.Release|x64.ActiveCfg = Release|x64
		{2DA8335F-55C1-481D-A54E-594B07F321D8}.Release|x64.Build.0 = Release|x64
		{2DA8335F-55C1-481D-A54E-594B07F321D8}.Release|x64.Deploy.0 = Release|x64
		{9176A038-B118-428A-A595-6CAFF0B503D6}.Debug|Any CPU.ActiveCfg = Debug|Any CPU
		{9176A038-B118-428A-A595-6CAFF0B503D6}.Debug|Any CPU.Build.0 = Debug|Any CPU
		{9176A038-B118-428A-A595-6CAFF0B503D6}.Debug|x64.ActiveCfg = Debug|Any CPU
		{9176A038-B118-428A-A595-6CAFF0B503D6}.Debug|x64.Build.0 = Debug|Any CPU
		{9176A038-B118-428A-A595-6CAFF0B503D6}.Release|Any CPU.ActiveCfg = Release|Any CPU
		{9176A038-B118-428A-A595-6CAFF0B503D6}.Release|Any CPU.Build.0 = Release|Any CPU
		{9176A038-B118-428A-A595-6CAFF0B503D6}.Release|x64.ActiveCfg = Release|Any CPU
		{9176A038-B118-428A-A595-6CAFF0B503D6}.Release|x64.Build.0 = Release|Any CPU
		{97D6DA07-3267-45AA-8210-57F5A405A449}.Debug|Any CPU.ActiveCfg = Debug|Any CPU
		{97D6DA07-3267-45AA-8210-57F5A405A449}.Debug|Any CPU.Build.0 = Debug|Any CPU
		{97D6DA07-3267-45AA-8210-57F5A405A449}.Debug|x64.ActiveCfg = Debug|Any CPU
		{97D6DA07-3267-45AA-8210-57F5A405A449}.Debug|x64.Build.0 = Debug|Any CPU
		{97D6DA07-3267-45AA-8210-57F5A405A449}.Release|Any CPU.ActiveCfg = Release|Any CPU
		{97D6DA07-3267-45AA-8210-57F5A405A449}.Release|Any CPU.Build.0 = Release|Any CPU
		{97D6DA07-3267-45AA-8210-57F5A405A449}.Release|x64.ActiveCfg = Release|Any CPU
		{97D6DA07-3267-45AA-8210-57F5A405A449}.Release|x64.Build.0 = Release|Any CPU
	EndGlobalSection
	GlobalSection(SolutionProperties) = preSolution
		HideSolutionNode = FALSE
	EndGlobalSection
	GlobalSection(ExtensibilityGlobals) = postSolution
		SolutionGuid = {D8A36645-1943-4BC0-A397-13BEFEBFF8CE}
	EndGlobalSection
EndGlobal
